
Microsoft Visual Studio Solution File, Format Version 12.00
# Visual Studio 15
VisualStudioVersion = 15.0.28307.271
MinimumVisualStudioVersion = 10.0.40219.1
Project("{FAE04EC0-301F-11D3-BF4B-00C04F79EFBC}") = "Estudio", "Estudio\Estudio.csproj", "{2774F34C-FF9E-4A61-B16C-1A31AC27F9E5}"
EndProject
Global
	GlobalSection(SolutionConfigurationPlatforms) = preSolution
		Debug|Any CPU = Debug|Any CPU
		Release|Any CPU = Release|Any CPU
	EndGlobalSection
	GlobalSection(ProjectConfigurationPlatforms) = postSolution
		{2774F34C-FF9E-4A61-B16C-1A31AC27F9E5}.Debug|Any CPU.ActiveCfg = Debug|Any CPU
		{2774F34C-FF9E-4A61-B16C-1A31AC27F9E5}.Debug|Any CPU.Build.0 = Debug|Any CPU
		{2774F34C-FF9E-4A61-B16C-1A31AC27F9E5}.Release|Any CPU.ActiveCfg = Release|Any CPU
		{2774F34C-FF9E-4A61-B16C-1A31AC27F9E5}.Release|Any CPU.Build.0 = Release|Any CPU
	EndGlobalSection
	GlobalSection(SolutionProperties) = preSolution
		HideSolutionNode = FALSE
	EndGlobalSection
	GlobalSection(ExtensibilityGlobals) = postSolution
		SolutionGuid = {C1F4DDBA-137F-4568-BF1B-178E0BDA5A66}
	EndGlobalSection
EndGlobal
